<Solution>
  <Folder Name="/Solution Items/">
    <File Path="PLAN.md" />
    <File Path="README.md" />
    <File Path="LICENSE" />
    <File Path="Directory.Build.props" />
    <File Path=".github/workflows/ci.yml" />
  </Folder>
  <Project Path="ShiftMapper.Sample/ShiftMapper.Sample.csproj" />
  <Project Path="ShiftMapper/ShiftMapper.csproj" />
  <Project Path="ShiftMapper.Generator/ShiftMapper.Generator.csproj" />
  <Project Path="ShiftMapper.Generator.Tests/ShiftMapper.Generator.Tests.csproj" />
  <Project Path="ShiftMapper.Tests/ShiftMapper.Tests.csproj" />
  <Project Path="ShiftMapper.Benchmarks/ShiftMapper.Benchmarks.csproj" />
</Solution>
